
Microsoft Visual Studio Solution File, Format Version 12.00
# Visual Studio 15
VisualStudioVersion = 15.0.28307.329
MinimumVisualStudioVersion = 10.0.40219.1
Project("{8BC9CEB8-8B4A-11D0-8D11-00A0C91BC942}") = "SDE-2019", "SDE-2019\SDE-2019.vcxproj", "{4364CDBD-9723-45B4-984F-7940A631BC53}"
EndProject
Project("{8BC9CEB8-8B4A-11D0-8D11-00A0C91BC942}") = "SDElib", "SDElib\SDElib.vcxproj", "{D84137D7-4B52-41EA-AC08-367C5053B714}"
EndProject
Global
	GlobalSection(SolutionConfigurationPlatforms) = preSolution
		Debug|x64 = Debug|x64
		Debug|x86 = Debug|x86
		Release|x64 = Release|x64
		Release|x86 = Release|x86
	EndGlobalSection
	GlobalSection(ProjectConfigurationPlatforms) = postSolution
		{4364CDBD-9723-45B4-984F-7940A631BC53}.Debug|x64.ActiveCfg = Debug|x64
		{4364CDBD-9723-45B4-984F-7940A631BC53}.Debug|x64.Build.0 = Debug|x64
		{4364CDBD-9723-45B4-984F-7940A631BC53}.Debug|x86.ActiveCfg = Debug|Win32
		{4364CDBD-9723-45B4-984F-7940A631BC53}.Debug|x86.Build.0 = Debug|Win32
		{4364CDBD-9723-45B4-984F-7940A631BC53}.Release|x64.ActiveCfg = Release|x64
		{4364CDBD-9723-45B4-984F-7940A631BC53}.Release|x64.Build.0 = Release|x64
		{4364CDBD-9723-45B4-984F-7940A631BC53}.Release|x86.ActiveCfg = Release|Win32
		{4364CDBD-9723-45B4-984F-7940A631BC53}.Release|x86.Build.0 = Release|Win32
		{D84137D7-4B52-41EA-AC08-367C5053B714}.Debug|x64.ActiveCfg = Debug|x64
		{D84137D7-4B52-41EA-AC08-367C5053B714}.Debug|x64.Build.0 = Debug|x64
		{D84137D7-4B52-41EA-AC08-367C5053B714}.Debug|x86.ActiveCfg = Debug|Win32
		{D84137D7-4B52-41EA-AC08-367C5053B714}.Debug|x86.Build.0 = Debug|Win32
		{D84137D7-4B52-41EA-AC08-367C5053B714}.Release|x64.ActiveCfg = Release|x64
		{D84137D7-4B52-41EA-AC08-367C5053B714}.Release|x64.Build.0 = Release|x64
		{D84137D7-4B52-41EA-AC08-367C5053B714}.Release|x86.ActiveCfg = Release|Win32
		{D84137D7-4B52-41EA-AC08-367C5053B714}.Release|x86.Build.0 = Release|Win32
	EndGlobalSection
	GlobalSection(SolutionProperties) = preSolution
		HideSolutionNode = FALSE
	EndGlobalSection
	GlobalSection(ExtensibilityGlobals) = postSolution
		SolutionGuid = {4AFE283B-0C30-466C-82AF-79C4E22B1F8C}
	EndGlobalSection
EndGlobal
